
Microsoft Visual Studio Solution File, Format Version 12.00
# Visual Studio Version 16
VisualStudioVersion = 16.0.29806.167
MinimumVisualStudioVersion = 10.0.40219.1
Project("{2150E333-8FDC-42A3-9474-1A3956D46DE8}") = "Socket", "Socket", "{79B9A5DC-0965-4EC6-BE78-204C42505FD6}"
EndProject
Project("{FAE04EC0-301F-11D3-BF4B-00C04F79EFBC}") = "SocketServer", "SocketServer\SocketServer.csproj", "{4F45A6A3-3AB2-46E8-9453-5D843EAEBEDD}"
EndProject
Project("{FAE04EC0-301F-11D3-BF4B-00C04F79EFBC}") = "SocketClient", "SocketClient\SocketClient.csproj", "{91AEB1E2-4F8E-4098-922E-FC06ADD4019A}"
EndProject
Project("{2150E333-8FDC-42A3-9474-1A3956D46DE8}") = "WPF", "WPF", "{482A0EB4-EF75-4979-BBD7-B0F3B35BAC94}"
EndProject
Project("{FAE04EC0-301F-11D3-BF4B-00C04F79EFBC}") = "AutoCompeleteTextBox", "AutoCompeleteTextBox\AutoCompeleteTextBox.csproj", "{31D26F1E-AE67-4027-B6AF-D5EBE0F3E22E}"
EndProject
Project("{FAE04EC0-301F-11D3-BF4B-00C04F79EFBC}") = "TextBlockStyleWithToolTip", "TextBlockStyleWithToolTip\TextBlockStyleWithToolTip.csproj", "{C7AD1DCC-39EE-48F7-8CEB-6A59F9CDCE4A}"
EndProject
Project("{FAE04EC0-301F-11D3-BF4B-00C04F79EFBC}") = "WebSocketServer", "WebSocketServer\WebSocketServer.csproj", "{B9002688-F28B-42CB-8F60-412313E7B8DC}"
EndProject
Project("{FAE04EC0-301F-11D3-BF4B-00C04F79EFBC}") = "CustomFont", "CustomFont\CustomFont.csproj", "{569E5D37-C444-4787-9D89-DA77B59B021D}"
EndProject
Project("{FAE04EC0-301F-11D3-BF4B-00C04F79EFBC}") = "MultiRadioButtonBinding", "MultiRadioButtonBinding\MultiRadioButtonBinding.csproj", "{B8763624-2E4E-4F55-BFCC-6D98C9B699BF}"
EndProject
Project("{FAE04EC0-301F-11D3-BF4B-00C04F79EFBC}") = "BindingEnums", "BindingEnums\BindingEnums.csproj", "{59AD8D96-5795-4013-B8B3-8B3D0F096F95}"
EndProject
Project("{FAE04EC0-301F-11D3-BF4B-00C04F79EFBC}") = "SingleInstanceApp", "SingleInstanceApp\SingleInstanceApp.csproj", "{20D86169-EBCF-4359-97CD-B2AF5A434E99}"
EndProject
Project("{FAE04EC0-301F-11D3-BF4B-00C04F79EFBC}") = "MenuDemo", "MenuDemo\MenuDemo.csproj", "{A07424D2-5AD6-4879-8114-40E614E6DDC1}"
EndProject
Project("{FAE04EC0-301F-11D3-BF4B-00C04F79EFBC}") = "TabControlDemo", "TabControlDemo\TabControlDemo.csproj", "{67219857-364B-461A-933C-9F9B0C67B276}"
EndProject
Project("{FAE04EC0-301F-11D3-BF4B-00C04F79EFBC}") = "ToolKit.Wccl", "ToolKit.Wccl\ToolKit.Wccl.csproj", "{7AAA59D6-7F0F-40DE-8F8C-950AAAD3C833}"
EndProject
Project("{FAE04EC0-301F-11D3-BF4B-00C04F79EFBC}") = "UserControlDemo", "UserControlDemo\UserControlDemo.csproj", "{63832785-1B58-4118-8864-5F7E03851F92}"
EndProject
Project("{FAE04EC0-301F-11D3-BF4B-00C04F79EFBC}") = "ExtensionMethods", "ExtensionMethods\ExtensionMethods.csproj", "{DBEAE9CB-E046-43DB-B83D-FE8C18BDE538}"
EndProject
Project("{FAE04EC0-301F-11D3-BF4B-00C04F79EFBC}") = "PrintDemo", "PrintDemo\PrintDemo.csproj", "{C47AAFE2-2603-4A52-B728-BD0ADA05EBEF}"
EndProject
Project("{FAE04EC0-301F-11D3-BF4B-00C04F79EFBC}") = "CustomWindowStyle", "CustomWindowStyle\CustomWindowStyle.csproj", "{300A240B-75E5-4DA0-A8F6-EB19067E3B8C}"
EndProject
Project("{2150E333-8FDC-42A3-9474-1A3956D46DE8}") = "DesignPattern", "DesignPattern", "{F33A0872-D692-4712-857A-37B5C630E715}"
EndProject
Project("{FAE04EC0-301F-11D3-BF4B-00C04F79EFBC}") = "AbstractClassDemo", "AbstractClassDemo\AbstractClassDemo.csproj", "{A7F65739-CB62-4EB9-968E-88A797368CF2}"
EndProject
Global
	GlobalSection(SolutionConfigurationPlatforms) = preSolution
		Debug|Any CPU = Debug|Any CPU
		Release|Any CPU = Release|Any CPU
	EndGlobalSection
	GlobalSection(ProjectConfigurationPlatforms) = postSolution
		{4F45A6A3-3AB2-46E8-9453-5D843EAEBEDD}.Debug|Any CPU.ActiveCfg = Debug|Any CPU
		{4F45A6A3-3AB2-46E8-9453-5D843EAEBEDD}.Debug|Any CPU.Build.0 = Debug|Any CPU
		{4F45A6A3-3AB2-46E8-9453-5D843EAEBEDD}.Release|Any CPU.ActiveCfg = Release|Any CPU
		{4F45A6A3-3AB2-46E8-9453-5D843EAEBEDD}.Release|Any CPU.Build.0 = Release|Any CPU
		{91AEB1E2-4F8E-4098-922E-FC06ADD4019A}.Debug|Any CPU.ActiveCfg = Debug|Any CPU
		{91AEB1E2-4F8E-4098-922E-FC06ADD4019A}.Debug|Any CPU.Build.0 = Debug|Any CPU
		{91AEB1E2-4F8E-4098-922E-FC06ADD4019A}.Release|Any CPU.ActiveCfg = Release|Any CPU
		{91AEB1E2-4F8E-4098-922E-FC06ADD4019A}.Release|Any CPU.Build.0 = Release|Any CPU
		{31D26F1E-AE67-4027-B6AF-D5EBE0F3E22E}.Debug|Any CPU.ActiveCfg = Debug|Any CPU
		{31D26F1E-AE67-4027-B6AF-D5EBE0F3E22E}.Debug|Any CPU.Build.0 = Debug|Any CPU
		{31D26F1E-AE67-4027-B6AF-D5EBE0F3E22E}.Release|Any CPU.ActiveCfg = Release|Any CPU
		{31D26F1E-AE67-4027-B6AF-D5EBE0F3E22E}.Release|Any CPU.Build.0 = Release|Any CPU
		{C7AD1DCC-39EE-48F7-8CEB-6A59F9CDCE4A}.Debug|Any CPU.ActiveCfg = Debug|Any CPU
		{C7AD1DCC-39EE-48F7-8CEB-6A59F9CDCE4A}.Debug|Any CPU.Build.0 = Debug|Any CPU
		{C7AD1DCC-39EE-48F7-8CEB-6A59F9CDCE4A}.Release|Any CPU.ActiveCfg = Release|Any CPU
		{C7AD1DCC-39EE-48F7-8CEB-6A59F9CDCE4A}.Release|Any CPU.Build.0 = Release|Any CPU
		{B9002688-F28B-42CB-8F60-412313E7B8DC}.Debug|Any CPU.ActiveCfg = Debug|Any CPU
		{B9002688-F28B-42CB-8F60-412313E7B8DC}.Debug|Any CPU.Build.0 = Debug|Any CPU
		{B9002688-F28B-42CB-8F60-412313E7B8DC}.Release|Any CPU.ActiveCfg = Release|Any CPU
		{B9002688-F28B-42CB-8F60-412313E7B8DC}.Release|Any CPU.Build.0 = Release|Any CPU
		{569E5D37-C444-4787-9D89-DA77B59B021D}.Debug|Any CPU.ActiveCfg = Debug|Any CPU
		{569E5D37-C444-4787-9D89-DA77B59B021D}.Debug|Any CPU.Build.0 = Debug|Any CPU
		{569E5D37-C444-4787-9D89-DA77B59B021D}.Release|Any CPU.ActiveCfg = Release|Any CPU
		{569E5D37-C444-4787-9D89-DA77B59B021D}.Release|Any CPU.Build.0 = Release|Any CPU
		{B8763624-2E4E-4F55-BFCC-6D98C9B699BF}.Debug|Any CPU.ActiveCfg = Debug|Any CPU
		{B8763624-2E4E-4F55-BFCC-6D98C9B699BF}.Debug|Any CPU.Build.0 = Debug|Any CPU
		{B8763624-2E4E-4F55-BFCC-6D98C9B699BF}.Release|Any CPU.ActiveCfg = Release|Any CPU
		{B8763624-2E4E-4F55-BFCC-6D98C9B699BF}.Release|Any CPU.Build.0 = Release|Any CPU
		{59AD8D96-5795-4013-B8B3-8B3D0F096F95}.Debug|Any CPU.ActiveCfg = Debug|Any CPU
		{59AD8D96-5795-4013-B8B3-8B3D0F096F95}.Debug|Any CPU.Build.0 = Debug|Any CPU
		{59AD8D96-5795-4013-B8B3-8B3D0F096F95}.Release|Any CPU.ActiveCfg = Release|Any CPU
		{59AD8D96-5795-4013-B8B3-8B3D0F096F95}.Release|Any CPU.Build.0 = Release|Any CPU
		{20D86169-EBCF-4359-97CD-B2AF5A434E99}.Debug|Any CPU.ActiveCfg = Debug|Any CPU
		{20D86169-EBCF-4359-97CD-B2AF5A434E99}.Debug|Any CPU.Build.0 = Debug|Any CPU
		{20D86169-EBCF-4359-97CD-B2AF5A434E99}.Release|Any CPU.ActiveCfg = Release|Any CPU
		{20D86169-EBCF-4359-97CD-B2AF5A434E99}.Release|Any CPU.Build.0 = Release|Any CPU
		{A07424D2-5AD6-4879-8114-40E614E6DDC1}.Debug|Any CPU.ActiveCfg = Debug|Any CPU
		{A07424D2-5AD6-4879-8114-40E614E6DDC1}.Debug|Any CPU.Build.0 = Debug|Any CPU
		{A07424D2-5AD6-4879-8114-40E614E6DDC1}.Release|Any CPU.ActiveCfg = Release|Any CPU
		{A07424D2-5AD6-4879-8114-40E614E6DDC1}.Release|Any CPU.Build.0 = Release|Any CPU
		{67219857-364B-461A-933C-9F9B0C67B276}.Debug|Any CPU.ActiveCfg = Debug|Any CPU
		{67219857-364B-461A-933C-9F9B0C67B276}.Debug|Any CPU.Build.0 = Debug|Any CPU
		{67219857-364B-461A-933C-9F9B0C67B276}.Release|Any CPU.ActiveCfg = Release|Any CPU
		{67219857-364B-461A-933C-9F9B0C67B276}.Release|Any CPU.Build.0 = Release|Any CPU
		{7AAA59D6-7F0F-40DE-8F8C-950AAAD3C833}.Debug|Any CPU.ActiveCfg = Debug|Any CPU
		{7AAA59D6-7F0F-40DE-8F8C-950AAAD3C833}.Debug|Any CPU.Build.0 = Debug|Any CPU
		{7AAA59D6-7F0F-40DE-8F8C-950AAAD3C833}.Release|Any CPU.ActiveCfg = Release|Any CPU
		{7AAA59D6-7F0F-40DE-8F8C-950AAAD3C833}.Release|Any CPU.Build.0 = Release|Any CPU
		{63832785-1B58-4118-8864-5F7E03851F92}.Debug|Any CPU.ActiveCfg = Debug|Any CPU
		{63832785-1B58-4118-8864-5F7E03851F92}.Debug|Any CPU.Build.0 = Debug|Any CPU
		{63832785-1B58-4118-8864-5F7E03851F92}.Release|Any CPU.ActiveCfg = Release|Any CPU
		{63832785-1B58-4118-8864-5F7E03851F92}.Release|Any CPU.Build.0 = Release|Any CPU
		{DBEAE9CB-E046-43DB-B83D-FE8C18BDE538}.Debug|Any CPU.ActiveCfg = Debug|Any CPU
		{DBEAE9CB-E046-43DB-B83D-FE8C18BDE538}.Debug|Any CPU.Build.0 = Debug|Any CPU
		{DBEAE9CB-E046-43DB-B83D-FE8C18BDE538}.Release|Any CPU.ActiveCfg = Release|Any CPU
		{DBEAE9CB-E046-43DB-B83D-FE8C18BDE538}.Release|Any CPU.Build.0 = Release|Any CPU
		{C47AAFE2-2603-4A52-B728-BD0ADA05EBEF}.Debug|Any CPU.ActiveCfg = Debug|Any CPU
		{C47AAFE2-2603-4A52-B728-BD0ADA05EBEF}.Debug|Any CPU.Build.0 = Debug|Any CPU
		{C47AAFE2-2603-4A52-B728-BD0ADA05EBEF}.Release|Any CPU.ActiveCfg = Release|Any CPU
		{C47AAFE2-2603-4A52-B728-BD0ADA05EBEF}.Release|Any CPU.Build.0 = Release|Any CPU
		{300A240B-75E5-4DA0-A8F6-EB19067E3B8C}.Debug|Any CPU.ActiveCfg = Debug|Any CPU
		{300A240B-75E5-4DA0-A8F6-EB19067E3B8C}.Debug|Any CPU.Build.0 = Debug|Any CPU
		{300A240B-75E5-4DA0-A8F6-EB19067E3B8C}.Release|Any CPU.ActiveCfg = Release|Any CPU
		{300A240B-75E5-4DA0-A8F6-EB19067E3B8C}.Release|Any CPU.Build.0 = Release|Any CPU
		{A7F65739-CB62-4EB9-968E-88A797368CF2}.Debug|Any CPU.ActiveCfg = Debug|Any CPU
		{A7F65739-CB62-4EB9-968E-88A797368CF2}.Debug|Any CPU.Build.0 = Debug|Any CPU
		{A7F65739-CB62-4EB9-968E-88A797368CF2}.Release|Any CPU.ActiveCfg = Release|Any CPU
		{A7F65739-CB62-4EB9-968E-88A797368CF2}.Release|Any CPU.Build.0 = Release|Any CPU
	EndGlobalSection
	GlobalSection(SolutionProperties) = preSolution
		HideSolutionNode = FALSE
	EndGlobalSection
	GlobalSection(NestedProjects) = preSolution
		{4F45A6A3-3AB2-46E8-9453-5D843EAEBEDD} = {79B9A5DC-0965-4EC6-BE78-204C42505FD6}
		{91AEB1E2-4F8E-4098-922E-FC06ADD4019A} = {79B9A5DC-0965-4EC6-BE78-204C42505FD6}
		{31D26F1E-AE67-4027-B6AF-D5EBE0F3E22E} = {482A0EB4-EF75-4979-BBD7-B0F3B35BAC94}
		{C7AD1DCC-39EE-48F7-8CEB-6A59F9CDCE4A} = {482A0EB4-EF75-4979-BBD7-B0F3B35BAC94}
		{B9002688-F28B-42CB-8F60-412313E7B8DC} = {79B9A5DC-0965-4EC6-BE78-204C42505FD6}
		{569E5D37-C444-4787-9D89-DA77B59B021D} = {482A0EB4-EF75-4979-BBD7-B0F3B35BAC94}
		{B8763624-2E4E-4F55-BFCC-6D98C9B699BF} = {482A0EB4-EF75-4979-BBD7-B0F3B35BAC94}
		{59AD8D96-5795-4013-B8B3-8B3D0F096F95} = {482A0EB4-EF75-4979-BBD7-B0F3B35BAC94}
		{20D86169-EBCF-4359-97CD-B2AF5A434E99} = {482A0EB4-EF75-4979-BBD7-B0F3B35BAC94}
		{A07424D2-5AD6-4879-8114-40E614E6DDC1} = {482A0EB4-EF75-4979-BBD7-B0F3B35BAC94}
		{67219857-364B-461A-933C-9F9B0C67B276} = {482A0EB4-EF75-4979-BBD7-B0F3B35BAC94}
		{7AAA59D6-7F0F-40DE-8F8C-950AAAD3C833} = {482A0EB4-EF75-4979-BBD7-B0F3B35BAC94}
		{63832785-1B58-4118-8864-5F7E03851F92} = {482A0EB4-EF75-4979-BBD7-B0F3B35BAC94}
		{DBEAE9CB-E046-43DB-B83D-FE8C18BDE538} = {482A0EB4-EF75-4979-BBD7-B0F3B35BAC94}
		{C47AAFE2-2603-4A52-B728-BD0ADA05EBEF} = {482A0EB4-EF75-4979-BBD7-B0F3B35BAC94}
		{300A240B-75E5-4DA0-A8F6-EB19067E3B8C} = {482A0EB4-EF75-4979-BBD7-B0F3B35BAC94}
		{A7F65739-CB62-4EB9-968E-88A797368CF2} = {F33A0872-D692-4712-857A-37B5C630E715}
	EndGlobalSection
	GlobalSection(ExtensibilityGlobals) = postSolution
		SolutionGuid = {9D170A4A-7B69-44A4-A5E4-EACD77B8B4D4}
	EndGlobalSection
EndGlobal
